Microsoft Visual Studio Solution File, Format Version 12.00
# Visual Studio Version 17
VisualStudioVersion = 17.10.34814.14
MinimumVisualStudioVersion = 10.0.40219.1
Project("{9A19103F-16F7-4668-BE54-9A1E7A4F7556}") = "Concrete.AppHost", "Concrete.AppHost\Concrete.AppHost.csproj", "{C23DF489-F1BD-4250-8B3E-D0296500BF56}"
EndProject
Project("{9A19103F-16F7-4668-BE54-9A1E7A4F7556}") = "Concrete.ServiceDefaults", "Concrete.ServiceDefaults\Concrete.ServiceDefaults.csproj", "{2B90F7EF-F1EB-496D-AD51-1C68B2E7D0EF}"
EndProject
Project("{9A19103F-16F7-4668-BE54-9A1E7A4F7556}") = "Concrete.Web", "Concrete.Web\Concrete.Web.csproj", "{8E97A375-7DA6-4BDD-99F4-422BB82617A6}"
EndProject
Project("{9A19103F-16F7-4668-BE54-9A1E7A4F7556}") = "Concrete.Interface", "Concrete.Interface\Concrete.Interface.csproj", "{D6918AC8-BC90-47FD-8640-62EEE3B791C2}"
EndProject
Project("{2150E333-8FDC-42A3-9474-1A3956D46DE8}") = "_Solution Items", "_Solution Items", "{58C63E71-CC36-4E6B-AE2F-5B2AAE7097BD}"
	ProjectSection(SolutionItems) = preProject
		Directory.Build.props = Directory.Build.props
	EndProjectSection
EndProject
Project("{9A19103F-16F7-4668-BE54-9A1E7A4F7556}") = "Concrete.Modeler", "Concrete.Modeler\Concrete.Modeler.csproj", "{8D274A68-1BD1-4376-A9BE-D0269BEAB8F7}"
EndProject
Project("{2150E333-8FDC-42A3-9474-1A3956D46DE8}") = "Modeling", "Modeling", "{4CF89386-3B92-47C4-AE9B-C82AAA80DFFE}"
EndProject
Project("{9A19103F-16F7-4668-BE54-9A1E7A4F7556}") = "Concrete.Modeler.Extension.Client", "Concrete.Modeler.Extension.Client\Concrete.Modeler.Extension.Client.csproj", "{E2AC498A-D8BA-44E3-9AD2-A863BC77EECD}"
EndProject
Project("{9A19103F-16F7-4668-BE54-9A1E7A4F7556}") = "Concrete.Modeler.Extension.Registration", "Concrete.Modeler.Extension.Registration\Concrete.Modeler.Extension.Registration.csproj", "{6566A171-483E-483F-9DC8-C9D1235486F0}"
EndProject
Project("{2150E333-8FDC-42A3-9474-1A3956D46DE8}") = "Extensions", "Extensions", "{8EA55FC3-41F4-4640-8978-1BCF42CA5357}"
EndProject
Project("{9A19103F-16F7-4668-BE54-9A1E7A4F7556}") = "Concrete.Extensions.Quizes.Api", "Concrete.Extensions.Quizes.Api\Concrete.Extensions.Quizes.Api.csproj", "{B519BF5A-C7A8-4711-A00B-13DF6799A5A5}"
EndProject
Project("{2150E333-8FDC-42A3-9474-1A3956D46DE8}") = "Core", "Core", "{40EFC39A-B9D7-4E53-9CA3-9D7D7FF50927}"
EndProject
Project("{9A19103F-16F7-4668-BE54-9A1E7A4F7556}") = "Concrete.Core", "Concrete.Core\Concrete.Core.csproj", "{95B978C4-14CD-4509-B9AE-8B399826BCE4}"
EndProject
Project("{2150E333-8FDC-42A3-9474-1A3956D46DE8}") = "Quizes", "Quizes", "{DFA03DC8-CF49-4144-A887-108D664E16C2}"
EndProject
Project("{9A19103F-16F7-4668-BE54-9A1E7A4F7556}") = "Concrete.Extensions.Quizes", "Concrete.Extensions.Quizes\Concrete.Extensions.Quizes.csproj", "{9ED86BA0-5D3B-4C26-858F-EB7907AC7A43}"
EndProject
Project("{9A19103F-16F7-4668-BE54-9A1E7A4F7556}") = "Concrete.Interface.Tests", "Concrete.Interface.Tests\Concrete.Interface.Tests.csproj", "{D8FB2881-BDF0-4046-A769-EC4EBB2EC713}"
EndProject
Project("{9A19103F-16F7-4668-BE54-9A1E7A4F7556}") = "Concrete.Core.Data", "Concrete.Core.Data\Concrete.Core.Data.csproj", "{9ADE093D-0101-4236-98D9-57DE523C8D13}"
EndProject
Project("{9A19103F-16F7-4668-BE54-9A1E7A4F7556}") = "Concrete.Modeler.Client", "Concrete.Modeler.Client\Concrete.Modeler.Client.csproj", "{3AB78B10-6B3B-495C-83F8-769D2E67456A}"
EndProject
Global
	GlobalSection(SolutionConfigurationPlatforms) = preSolution
		Debug|Any CPU = Debug|Any CPU
		Release|Any CPU = Release|Any CPU
	EndGlobalSection
	GlobalSection(ProjectConfigurationPlatforms) = postSolution
		{C23DF489-F1BD-4250-8B3E-D0296500BF56}.Debug|Any CPU.ActiveCfg = Debug|Any CPU
		{C23DF489-F1BD-4250-8B3E-D0296500BF56}.Debug|Any CPU.Build.0 = Debug|Any CPU
		{C23DF489-F1BD-4250-8B3E-D0296500BF56}.Release|Any CPU.ActiveCfg = Release|Any CPU
		{C23DF489-F1BD-4250-8B3E-D0296500BF56}.Release|Any CPU.Build.0 = Release|Any CPU
		{2B90F7EF-F1EB-496D-AD51-1C68B2E7D0EF}.Debug|Any CPU.ActiveCfg = Debug|Any CPU
		{2B90F7EF-F1EB-496D-AD51-1C68B2E7D0EF}.Debug|Any CPU.Build.0 = Debug|Any CPU
		{2B90F7EF-F1EB-496D-AD51-1C68B2E7D0EF}.Release|Any CPU.ActiveCfg = Release|Any CPU
		{2B90F7EF-F1EB-496D-AD51-1C68B2E7D0EF}.Release|Any CPU.Build.0 = Release|Any CPU
		{8E97A375-7DA6-4BDD-99F4-422BB82617A6}.Debug|Any CPU.ActiveCfg = Debug|Any CPU
		{8E97A375-7DA6-4BDD-99F4-422BB82617A6}.Debug|Any CPU.Build.0 = Debug|Any CPU
		{8E97A375-7DA6-4BDD-99F4-422BB82617A6}.Release|Any CPU.ActiveCfg = Release|Any CPU
		{8E97A375-7DA6-4BDD-99F4-422BB82617A6}.Release|Any CPU.Build.0 = Release|Any CPU
		{D6918AC8-BC90-47FD-8640-62EEE3B791C2}.Debug|Any CPU.ActiveCfg = Debug|Any CPU
		{D6918AC8-BC90-47FD-8640-62EEE3B791C2}.Debug|Any CPU.Build.0 = Debug|Any CPU
		{D6918AC8-BC90-47FD-8640-62EEE3B791C2}.Release|Any CPU.ActiveCfg = Release|Any CPU
		{D6918AC8-BC90-47FD-8640-62EEE3B791C2}.Release|Any CPU.Build.0 = Release|Any CPU
		{8D274A68-1BD1-4376-A9BE-D0269BEAB8F7}.Debug|Any CPU.ActiveCfg = Debug|Any CPU
		{8D274A68-1BD1-4376-A9BE-D0269BEAB8F7}.Debug|Any CPU.Build.0 = Debug|Any CPU
		{8D274A68-1BD1-4376-A9BE-D0269BEAB8F7}.Release|Any CPU.ActiveCfg = Release|Any CPU
		{8D274A68-1BD1-4376-A9BE-D0269BEAB8F7}.Release|Any CPU.Build.0 = Release|Any CPU
		{E2AC498A-D8BA-44E3-9AD2-A863BC77EECD}.Debug|Any CPU.ActiveCfg = Debug|Any CPU
		{E2AC498A-D8BA-44E3-9AD2-A863BC77EECD}.Debug|Any CPU.Build.0 = Debug|Any CPU
		{E2AC498A-D8BA-44E3-9AD2-A863BC77EECD}.Release|Any CPU.ActiveCfg = Release|Any CPU
		{E2AC498A-D8BA-44E3-9AD2-A863BC77EECD}.Release|Any CPU.Build.0 = Release|Any CPU
		{6566A171-483E-483F-9DC8-C9D1235486F0}.Debug|Any CPU.ActiveCfg = Debug|Any CPU
		{6566A171-483E-483F-9DC8-C9D1235486F0}.Debug|Any CPU.Build.0 = Debug|Any CPU
		{6566A171-483E-483F-9DC8-C9D1235486F0}.Release|Any CPU.ActiveCfg = Release|Any CPU
		{6566A171-483E-483F-9DC8-C9D1235486F0}.Release|Any CPU.Build.0 = Release|Any CPU
		{B519BF5A-C7A8-4711-A00B-13DF6799A5A5}.Debug|Any CPU.ActiveCfg = Debug|Any CPU
		{B519BF5A-C7A8-4711-A00B-13DF6799A5A5}.Debug|Any CPU.Build.0 = Debug|Any CPU
		{B519BF5A-C7A8-4711-A00B-13DF6799A5A5}.Release|Any CPU.ActiveCfg = Release|Any CPU
		{B519BF5A-C7A8-4711-A00B-13DF6799A5A5}.Release|Any CPU.Build.0 = Release|Any CPU
		{95B978C4-14CD-4509-B9AE-8B399826BCE4}.Debug|Any CPU.ActiveCfg = Debug|Any CPU
		{95B978C4-14CD-4509-B9AE-8B399826BCE4}.Debug|Any CPU.Build.0 = Debug|Any CPU
		{95B978C4-14CD-4509-B9AE-8B399826BCE4}.Release|Any CPU.ActiveCfg = Release|Any CPU
		{95B978C4-14CD-4509-B9AE-8B399826BCE4}.Release|Any CPU.Build.0 = Release|Any CPU
		{9ED86BA0-5D3B-4C26-858F-EB7907AC7A43}.Debug|Any CPU.ActiveCfg = Debug|Any CPU
		{9ED86BA0-5D3B-4C26-858F-EB7907AC7A43}.Debug|Any CPU.Build.0 = Debug|Any CPU
		{9ED86BA0-5D3B-4C26-858F-EB7907AC7A43}.Release|Any CPU.ActiveCfg = Release|Any CPU
		{9ED86BA0-5D3B-4C26-858F-EB7907AC7A43}.Release|Any CPU.Build.0 = Release|Any CPU
		{D8FB2881-BDF0-4046-A769-EC4EBB2EC713}.Debug|Any CPU.ActiveCfg = Debug|Any CPU
		{D8FB2881-BDF0-4046-A769-EC4EBB2EC713}.Debug|Any CPU.Build.0 = Debug|Any CPU
		{D8FB2881-BDF0-4046-A769-EC4EBB2EC713}.Release|Any CPU.ActiveCfg = Release|Any CPU
		{D8FB2881-BDF0-4046-A769-EC4EBB2EC713}.Release|Any CPU.Build.0 = Release|Any CPU
		{9ADE093D-0101-4236-98D9-57DE523C8D13}.Debug|Any CPU.ActiveCfg = Debug|Any CPU
		{9ADE093D-0101-4236-98D9-57DE523C8D13}.Debug|Any CPU.Build.0 = Debug|Any CPU
		{9ADE093D-0101-4236-98D9-57DE523C8D13}.Release|Any CPU.ActiveCfg = Release|Any CPU
		{9ADE093D-0101-4236-98D9-57DE523C8D13}.Release|Any CPU.Build.0 = Release|Any CPU
		{3AB78B10-6B3B-495C-83F8-769D2E67456A}.Debug|Any CPU.ActiveCfg = Debug|Any CPU
		{3AB78B10-6B3B-495C-83F8-769D2E67456A}.Debug|Any CPU.Build.0 = Debug|Any CPU
		{3AB78B10-6B3B-495C-83F8-769D2E67456A}.Release|Any CPU.ActiveCfg = Release|Any CPU
		{3AB78B10-6B3B-495C-83F8-769D2E67456A}.Release|Any CPU.Build.0 = Release|Any CPU
	EndGlobalSection
	GlobalSection(SolutionProperties) = preSolution
		HideSolutionNode = FALSE
	EndGlobalSection
	GlobalSection(NestedProjects) = preSolution
		{D6918AC8-BC90-47FD-8640-62EEE3B791C2} = {4CF89386-3B92-47C4-AE9B-C82AAA80DFFE}
		{8D274A68-1BD1-4376-A9BE-D0269BEAB8F7} = {4CF89386-3B92-47C4-AE9B-C82AAA80DFFE}
		{E2AC498A-D8BA-44E3-9AD2-A863BC77EECD} = {4CF89386-3B92-47C4-AE9B-C82AAA80DFFE}
		{6566A171-483E-483F-9DC8-C9D1235486F0} = {4CF89386-3B92-47C4-AE9B-C82AAA80DFFE}
		{B519BF5A-C7A8-4711-A00B-13DF6799A5A5} = {DFA03DC8-CF49-4144-A887-108D664E16C2}
		{95B978C4-14CD-4509-B9AE-8B399826BCE4} = {40EFC39A-B9D7-4E53-9CA3-9D7D7FF50927}
		{DFA03DC8-CF49-4144-A887-108D664E16C2} = {8EA55FC3-41F4-4640-8978-1BCF42CA5357}
		{9ED86BA0-5D3B-4C26-858F-EB7907AC7A43} = {DFA03DC8-CF49-4144-A887-108D664E16C2}
		{D8FB2881-BDF0-4046-A769-EC4EBB2EC713} = {4CF89386-3B92-47C4-AE9B-C82AAA80DFFE}
		{9ADE093D-0101-4236-98D9-57DE523C8D13} = {40EFC39A-B9D7-4E53-9CA3-9D7D7FF50927}
		{3AB78B10-6B3B-495C-83F8-769D2E67456A} = {4CF89386-3B92-47C4-AE9B-C82AAA80DFFE}
	EndGlobalSection
	GlobalSection(ExtensibilityGlobals) = postSolution
		SolutionGuid = {790291DF-70FF-4A26-B4FC-EB774D06757B}
	EndGlobalSection
EndGlobal
